// !$*UTF8*$!
{
	archiveVersion = 1;
	classes = {
	};
	objectVersion = 55;
	objects = {

/* Begin PBXBuildFile section */
		4E0704652829AD9B000DFA08 /* main.m in Sources */ = {isa = PBXBuildFile; fileRef = 4E0704642829AD9B000DFA08 /* main.m */; };
		4E0704722829B8DD000DFA08 /* main.m in Sources */ = {isa = PBXBuildFile; fileRef = 4E0704712829B8DD000DFA08 /* main.m */; };
		4E0704802829B983000DFA08 /* main.m in Sources */ = {isa = PBXBuildFile; fileRef = 4E07047F2829B983000DFA08 /* main.m */; };
		4E5B078A2836DA7300827F20 /* main.m in Sources */ = {isa = PBXBuildFile; fileRef = 4E5B07892836DA7300827F20 /* main.m */; };
		4E5B07902836DB3B00827F20 /* FoodTruck.m in Sources */ = {isa = PBXBuildFile; fileRef = 4E5B078F2836DB3B00827F20 /* FoodTruck.m */; };
		4E5B07932836DCBE00827F20 /* Cook.m in Sources */ = {isa = PBXBuildFile; fileRef = 4E5B07922836DCBE00827F20 /* Cook.m */; };
		4E5B07962836DDE100827F20 /* Server.m in Sources */ = {isa = PBXBuildFile; fileRef = 4E5B07952836DDE100827F20 /* Server.m */; };
		4E7C8A17282C4F8800C88724 /* main.m in Sources */ = {isa = PBXBuildFile; fileRef = 4E7C8A16282C4F8800C88724 /* main.m */; };
		4E7FA74828358A1F00BE9F18 /* main.m in Sources */ = {isa = PBXBuildFile; fileRef = 4E7FA74728358A1F00BE9F18 /* main.m */; };
		4E7FA74C28358A2300BE9F18 /* NSString+Utilities.m in Sources */ = {isa = PBXBuildFile; fileRef = 4E7FA73F2835893F00BE9F18 /* NSString+Utilities.m */; };
		4E8C8BFD2832E58D00C2E596 /* main.m in Sources */ = {isa = PBXBuildFile; fileRef = 4E8C8BFC2832E58D00C2E596 /* main.m */; };
		4E8C8C032832E7DC00C2E596 /* Bitmasks.m in Sources */ = {isa = PBXBuildFile; fileRef = 4E8C8C022832E7DC00C2E596 /* Bitmasks.m */; };
		4E94D982282DA04C005190CE /* main.m in Sources */ = {isa = PBXBuildFile; fileRef = 4E94D981282DA04C005190CE /* main.m */; };
		4E94D988282DA070005190CE /* Person.m in Sources */ = {isa = PBXBuildFile; fileRef = 4E94D987282DA070005190CE /* Person.m */; };
		4E94D98B282DA0FB005190CE /* Employee.m in Sources */ = {isa = PBXBuildFile; fileRef = 4E94D98A282DA0FB005190CE /* Employee.m */; };
		4EFD4CE7282AFF7F00A1D591 /* Person.m in Sources */ = {isa = PBXBuildFile; fileRef = 4EFD4CE6282AFF7F00A1D591 /* Person.m */; };
		4EFD4CE9282B003C00A1D591 /* Person.swift in Sources */ = {isa = PBXBuildFile; fileRef = 4EFD4CE8282B003C00A1D591 /* Person.swift */; };
/* End PBXBuildFile section */

/* Begin PBXCopyFilesBuildPhase section */
		4E07045F2829AD9B000DFA08 /* CopyFiles */ = {
			isa = PBXCopyFilesBuildPhase;
			buildActionMask = 2147483647;
			dstPath = /usr/share/man/man1/;
			dstSubfolderSpec = 0;
			files = (
			);
			runOnlyForDeploymentPostprocessing = 1;
		};
		4E07046D2829B8DD000DFA08 /* CopyFiles */ = {
			isa = PBXCopyFilesBuildPhase;
			buildActionMask = 2147483647;
			dstPath = /usr/share/man/man1/;
			dstSubfolderSpec = 0;
			files = (
			);
			runOnlyForDeploymentPostprocessing = 1;
		};
		4E07047B2829B983000DFA08 /* CopyFiles */ = {
			isa = PBXCopyFilesBuildPhase;
			buildActionMask = 2147483647;
			dstPath = /usr/share/man/man1/;
			dstSubfolderSpec = 0;
			files = (
			);
			runOnlyForDeploymentPostprocessing = 1;
		};
		4E5B07852836DA7300827F20 /* CopyFiles */ = {
			isa = PBXCopyFilesBuildPhase;
			buildActionMask = 2147483647;
			dstPath = /usr/share/man/man1/;
			dstSubfolderSpec = 0;
			files = (
			);
			runOnlyForDeploymentPostprocessing = 1;
		};
		4E7C8A12282C4F8800C88724 /* CopyFiles */ = {
			isa = PBXCopyFilesBuildPhase;
			buildActionMask = 2147483647;
			dstPath = /usr/share/man/man1/;
			dstSubfolderSpec = 0;
			files = (
			);
			runOnlyForDeploymentPostprocessing = 1;
		};
		4E7FA74328358A1F00BE9F18 /* CopyFiles */ = {
			isa = PBXCopyFilesBuildPhase;
			buildActionMask = 2147483647;
			dstPath = /usr/share/man/man1/;
			dstSubfolderSpec = 0;
			files = (
			);
			runOnlyForDeploymentPostprocessing = 1;
		};
		4E8C8BF82832E58C00C2E596 /* CopyFiles */ = {
			isa = PBXCopyFilesBuildPhase;
			buildActionMask = 2147483647;
			dstPath = /usr/share/man/man1/;
			dstSubfolderSpec = 0;
			files = (
			);
			runOnlyForDeploymentPostprocessing = 1;
		};
		4E94D97D282DA04C005190CE /* CopyFiles */ = {
			isa = PBXCopyFilesBuildPhase;
			buildActionMask = 2147483647;
			dstPath = /usr/share/man/man1/;
			dstSubfolderSpec = 0;
			files = (
			);
			runOnlyForDeploymentPostprocessing = 1;
		};
/* End PBXCopyFilesBuildPhase section */

/* Begin PBXFileReference section */
		4E0704612829AD9B000DFA08 /* ObjectiveC */ = {isa = PBXFileReference; explicitFileType = "compiled.mach-o.executable"; includeInIndex = 0; path = ObjectiveC; sourceTree = BUILT_PRODUCTS_DIR; };
		4E0704642829AD9B000DFA08 /* main.m */ = {isa = PBXFileReference; lastKnownFileType = sourcecode.c.objc; path = main.m; sourceTree = "<group>"; };
		4E07046F2829B8DD000DFA08 /* Lab1 */ = {isa = PBXFileReference; explicitFileType = "compiled.mach-o.executable"; includeInIndex = 0; path = Lab1; sourceTree = BUILT_PRODUCTS_DIR; };
		4E0704712829B8DD000DFA08 /* main.m */ = {isa = PBXFileReference; lastKnownFileType = sourcecode.c.objc; path = main.m; sourceTree = "<group>"; };
		4E07047D2829B983000DFA08 /* Lab2 */ = {isa = PBXFileReference; explicitFileType = "compiled.mach-o.executable"; includeInIndex = 0; path = Lab2; sourceTree = BUILT_PRODUCTS_DIR; };
		4E07047F2829B983000DFA08 /* main.m */ = {isa = PBXFileReference; lastKnownFileType = sourcecode.c.objc; path = main.m; sourceTree = "<group>"; };
		4E5B07872836DA7300827F20 /* Lab8 */ = {isa = PBXFileReference; explicitFileType = "compiled.mach-o.executable"; includeInIndex = 0; path = Lab8; sourceTree = BUILT_PRODUCTS_DIR; };
		4E5B07892836DA7300827F20 /* main.m */ = {isa = PBXFileReference; lastKnownFileType = sourcecode.c.objc; path = main.m; sourceTree = "<group>"; };
		4E5B078E2836DB3B00827F20 /* FoodTruck.h */ = {isa = PBXFileReference; fileEncoding = 4; lastKnownFileType = sourcecode.c.h; path = FoodTruck.h; sourceTree = "<group>"; };
		4E5B078F2836DB3B00827F20 /* FoodTruck.m */ = {isa = PBXFileReference; fileEncoding = 4; lastKnownFileType = sourcecode.c.objc; path = FoodTruck.m; sourceTree = "<group>"; };
		4E5B07912836DCBE00827F20 /* Cook.h */ = {isa = PBXFileReference; lastKnownFileType = sourcecode.c.h; path = Cook.h; sourceTree = "<group>"; };
		4E5B07922836DCBE00827F20 /* Cook.m */ = {isa = PBXFileReference; lastKnownFileType = sourcecode.c.objc; path = Cook.m; sourceTree = "<group>"; };
		4E5B07942836DDE100827F20 /* Server.h */ = {isa = PBXFileReference; lastKnownFileType = sourcecode.c.h; path = Server.h; sourceTree = "<group>"; };
		4E5B07952836DDE100827F20 /* Server.m */ = {isa = PBXFileReference; lastKnownFileType = sourcecode.c.objc; path = Server.m; sourceTree = "<group>"; };
		4E7C8A14282C4F8800C88724 /* Collections */ = {isa = PBXFileReference; explicitFileType = "compiled.mach-o.executable"; includeInIndex = 0; path = Collections; sourceTree = BUILT_PRODUCTS_DIR; };
		4E7C8A16282C4F8800C88724 /* main.m */ = {isa = PBXFileReference; lastKnownFileType = sourcecode.c.objc; path = main.m; sourceTree = "<group>"; };
		4E7FA73E2835893F00BE9F18 /* NSString+Utilities.h */ = {isa = PBXFileReference; lastKnownFileType = sourcecode.c.h; path = "NSString+Utilities.h"; sourceTree = "<group>"; };
		4E7FA73F2835893F00BE9F18 /* NSString+Utilities.m */ = {isa = PBXFileReference; lastKnownFileType = sourcecode.c.objc; path = "NSString+Utilities.m"; sourceTree = "<group>"; };
		4E7FA74528358A1F00BE9F18 /* Category */ = {isa = PBXFileReference; explicitFileType = "compiled.mach-o.executable"; includeInIndex = 0; path = Category; sourceTree = BUILT_PRODUCTS_DIR; };
		4E7FA74728358A1F00BE9F18 /* main.m */ = {isa = PBXFileReference; lastKnownFileType = sourcecode.c.objc; path = main.m; sourceTree = "<group>"; };
		4E8C8BFA2832E58C00C2E596 /* Enum_Bitmasks */ = {isa = PBXFileReference; explicitFileType = "compiled.mach-o.executable"; includeInIndex = 0; path = Enum_Bitmasks; sourceTree = BUILT_PRODUCTS_DIR; };
		4E8C8BFC2832E58D00C2E596 /* main.m */ = {isa = PBXFileReference; lastKnownFileType = sourcecode.c.objc; path = main.m; sourceTree = "<group>"; };
		4E8C8C012832E7DC00C2E596 /* Bitmasks.h */ = {isa = PBXFileReference; lastKnownFileType = sourcecode.c.h; path = Bitmasks.h; sourceTree = "<group>"; };
		4E8C8C022832E7DC00C2E596 /* Bitmasks.m */ = {isa = PBXFileReference; lastKnownFileType = sourcecode.c.objc; path = Bitmasks.m; sourceTree = "<group>"; };
		4E94D97F282DA04C005190CE /* Inheritance */ = {isa = PBXFileReference; explicitFileType = "compiled.mach-o.executable"; includeInIndex = 0; path = Inheritance; sourceTree = BUILT_PRODUCTS_DIR; };
		4E94D981282DA04C005190CE /* main.m */ = {isa = PBXFileReference; lastKnownFileType = sourcecode.c.objc; path = main.m; sourceTree = "<group>"; };
		4E94D986282DA070005190CE /* Person.h */ = {isa = PBXFileReference; lastKnownFileType = sourcecode.c.h; path = Person.h; sourceTree = "<group>"; };
		4E94D987282DA070005190CE /* Person.m */ = {isa = PBXFileReference; lastKnownFileType = sourcecode.c.objc; path = Person.m; sourceTree = "<group>"; };
		4E94D989282DA0FB005190CE /* Employee.h */ = {isa = PBXFileReference; lastKnownFileType = sourcecode.c.h; path = Employee.h; sourceTree = "<group>"; };
		4E94D98A282DA0FB005190CE /* Employee.m */ = {isa = PBXFileReference; lastKnownFileType = sourcecode.c.objc; path = Employee.m; sourceTree = "<group>"; };
		4EFD4CE5282AFF7F00A1D591 /* Person.h */ = {isa = PBXFileReference; lastKnownFileType = sourcecode.c.h; path = Person.h; sourceTree = "<group>"; };
		4EFD4CE6282AFF7F00A1D591 /* Person.m */ = {isa = PBXFileReference; lastKnownFileType = sourcecode.c.objc; path = Person.m; sourceTree = "<group>"; };
		4EFD4CE8282B003C00A1D591 /* Person.swift */ = {isa = PBXFileReference; lastKnownFileType = sourcecode.swift; path = Person.swift; sourceTree = "<group>"; };
/* End PBXFileReference section */

/* Begin PBXFrameworksBuildPhase section */
		4E07045E2829AD9B000DFA08 /* Frameworks */ = {
			isa = PBXFrameworksBuildPhase;
			buildActionMask = 2147483647;
			files = (
			);
			runOnlyForDeploymentPostprocessing = 0;
		};
		4E07046C2829B8DD000DFA08 /* Frameworks */ = {
			isa = PBXFrameworksBuildPhase;
			buildActionMask = 2147483647;
			files = (
			);
			runOnlyForDeploymentPostprocessing = 0;
		};
		4E07047A2829B983000DFA08 /* Frameworks */ = {
			isa = PBXFrameworksBuildPhase;
			buildActionMask = 2147483647;
			files = (
			);
			runOnlyForDeploymentPostprocessing = 0;
		};
		4E5B07842836DA7300827F20 /* Frameworks */ = {
			isa = PBXFrameworksBuildPhase;
			buildActionMask = 2147483647;
			files = (
			);
			runOnlyForDeploymentPostprocessing = 0;
		};
		4E7C8A11282C4F8800C88724 /* Frameworks */ = {
			isa = PBXFrameworksBuildPhase;
			buildActionMask = 2147483647;
			files = (
			);
			runOnlyForDeploymentPostprocessing = 0;
		};
		4E7FA74228358A1F00BE9F18 /* Frameworks */ = {
			isa = PBXFrameworksBuildPhase;
			buildActionMask = 2147483647;
			files = (
			);
			runOnlyForDeploymentPostprocessing = 0;
		};
		4E8C8BF72832E58C00C2E596 /* Frameworks */ = {
			isa = PBXFrameworksBuildPhase;
			buildActionMask = 2147483647;
			files = (
			);
			runOnlyForDeploymentPostprocessing = 0;
		};
		4E94D97C282DA04C005190CE /* Frameworks */ = {
			isa = PBXFrameworksBuildPhase;
			buildActionMask = 2147483647;
			files = (
			);
			runOnlyForDeploymentPostprocessing = 0;
		};
/* End PBXFrameworksBuildPhase section */

/* Begin PBXGroup section */
		4E0704582829AD9B000DFA08 = {
			isa = PBXGroup;
			children = (
				4E0704632829AD9B000DFA08 /* ObjectiveC */,
				4E0704702829B8DD000DFA08 /* Lab1 */,
				4E07047E2829B983000DFA08 /* Lab2 */,
				4E7C8A15282C4F8800C88724 /* Collections */,
				4E94D980282DA04C005190CE /* Inheritance */,
				4E8C8BFB2832E58D00C2E596 /* Enum_Bitmasks */,
				4E7FA74628358A1F00BE9F18 /* Category */,
				4E5B07882836DA7300827F20 /* Lab8 */,
				4E0704622829AD9B000DFA08 /* Products */,
			);
			sourceTree = "<group>";
		};
		4E0704622829AD9B000DFA08 /* Products */ = {
			isa = PBXGroup;
			children = (
				4E0704612829AD9B000DFA08 /* ObjectiveC */,
				4E07046F2829B8DD000DFA08 /* Lab1 */,
				4E07047D2829B983000DFA08 /* Lab2 */,
				4E7C8A14282C4F8800C88724 /* Collections */,
				4E94D97F282DA04C005190CE /* Inheritance */,
				4E8C8BFA2832E58C00C2E596 /* Enum_Bitmasks */,
				4E7FA74528358A1F00BE9F18 /* Category */,
				4E5B07872836DA7300827F20 /* Lab8 */,
			);
			name = Products;
			sourceTree = "<group>";
		};
		4E0704632829AD9B000DFA08 /* ObjectiveC */ = {
			isa = PBXGroup;
			children = (
				4E0704642829AD9B000DFA08 /* main.m */,
			);
			path = ObjectiveC;
			sourceTree = "<group>";
		};
		4E0704702829B8DD000DFA08 /* Lab1 */ = {
			isa = PBXGroup;
			children = (
				4E0704712829B8DD000DFA08 /* main.m */,
			);
			path = Lab1;
			sourceTree = "<group>";
		};
		4E07047E2829B983000DFA08 /* Lab2 */ = {
			isa = PBXGroup;
			children = (
				4E07047F2829B983000DFA08 /* main.m */,
				4EFD4CE5282AFF7F00A1D591 /* Person.h */,
				4EFD4CE6282AFF7F00A1D591 /* Person.m */,
				4EFD4CE8282B003C00A1D591 /* Person.swift */,
			);
			path = Lab2;
			sourceTree = "<group>";
		};
		4E5B07882836DA7300827F20 /* Lab8 */ = {
			isa = PBXGroup;
			children = (
				4E5B078E2836DB3B00827F20 /* FoodTruck.h */,
				4E5B078F2836DB3B00827F20 /* FoodTruck.m */,
				4E5B07892836DA7300827F20 /* main.m */,
				4E5B07912836DCBE00827F20 /* Cook.h */,
				4E5B07922836DCBE00827F20 /* Cook.m */,
				4E5B07942836DDE100827F20 /* Server.h */,
				4E5B07952836DDE100827F20 /* Server.m */,
			);
			path = Lab8;
			sourceTree = "<group>";
		};
		4E7C8A15282C4F8800C88724 /* Collections */ = {
			isa = PBXGroup;
			children = (
				4E7C8A16282C4F8800C88724 /* main.m */,
			);
			path = Collections;
			sourceTree = "<group>";
		};
		4E7FA74628358A1F00BE9F18 /* Category */ = {
			isa = PBXGroup;
			children = (
				4E7FA74728358A1F00BE9F18 /* main.m */,
				4E7FA73E2835893F00BE9F18 /* NSString+Utilities.h */,
				4E7FA73F2835893F00BE9F18 /* NSString+Utilities.m */,
			);
			path = Category;
			sourceTree = "<group>";
		};
		4E8C8BFB2832E58D00C2E596 /* Enum_Bitmasks */ = {
			isa = PBXGroup;
			children = (
				4E8C8BFC2832E58D00C2E596 /* main.m */,
				4E8C8C012832E7DC00C2E596 /* Bitmasks.h */,
				4E8C8C022832E7DC00C2E596 /* Bitmasks.m */,
			);
			path = Enum_Bitmasks;
			sourceTree = "<group>";
		};
		4E94D980282DA04C005190CE /* Inheritance */ = {
			isa = PBXGroup;
			children = (
				4E94D981282DA04C005190CE /* main.m */,
				4E94D986282DA070005190CE /* Person.h */,
				4E94D987282DA070005190CE /* Person.m */,
				4E94D989282DA0FB005190CE /* Employee.h */,
				4E94D98A282DA0FB005190CE /* Employee.m */,
			);
			path = Inheritance;
			sourceTree = "<group>";
		};
/* End PBXGroup section */

/* Begin PBXNativeTarget section */
		4E0704602829AD9B000DFA08 /* ObjectiveC */ = {
			isa = PBXNativeTarget;
			buildConfigurationList = 4E0704682829AD9B000DFA08 /* Build configuration list for PBXNativeTarget "ObjectiveC" */;
			buildPhases = (
				4E07045D2829AD9B000DFA08 /* Sources */,
				4E07045E2829AD9B000DFA08 /* Frameworks */,
				4E07045F2829AD9B000DFA08 /* CopyFiles */,
			);
			buildRules = (
			);
			dependencies = (
			);
			name = ObjectiveC;
			productName = ObjectiveC;
			productReference = 4E0704612829AD9B000DFA08 /* ObjectiveC */;
			productType = "com.apple.product-type.tool";
		};
		4E07046E2829B8DD000DFA08 /* Lab1 */ = {
			isa = PBXNativeTarget;
			buildConfigurationList = 4E0704732829B8DD000DFA08 /* Build configuration list for PBXNativeTarget "Lab1" */;
			buildPhases = (
				4E07046B2829B8DD000DFA08 /* Sources */,
				4E07046C2829B8DD000DFA08 /* Frameworks */,
				4E07046D2829B8DD000DFA08 /* CopyFiles */,
			);
			buildRules = (
			);
			dependencies = (
			);
			name = Lab1;
			productName = Lab1;
			productReference = 4E07046F2829B8DD000DFA08 /* Lab1 */;
			productType = "com.apple.product-type.tool";
		};
		4E07047C2829B983000DFA08 /* Lab2 */ = {
			isa = PBXNativeTarget;
			buildConfigurationList = 4E0704812829B983000DFA08 /* Build configuration list for PBXNativeTarget "Lab2" */;
			buildPhases = (
				4E0704792829B983000DFA08 /* Sources */,
				4E07047A2829B983000DFA08 /* Frameworks */,
				4E07047B2829B983000DFA08 /* CopyFiles */,
			);
			buildRules = (
			);
			dependencies = (
			);
			name = Lab2;
			productName = Lab2;
			productReference = 4E07047D2829B983000DFA08 /* Lab2 */;
			productType = "com.apple.product-type.tool";
		};
		4E5B07862836DA7300827F20 /* Lab8 */ = {
			isa = PBXNativeTarget;
			buildConfigurationList = 4E5B078D2836DA7300827F20 /* Build configuration list for PBXNativeTarget "Lab8" */;
			buildPhases = (
				4E5B07832836DA7300827F20 /* Sources */,
				4E5B07842836DA7300827F20 /* Frameworks */,
				4E5B07852836DA7300827F20 /* CopyFiles */,
			);
			buildRules = (
			);
			dependencies = (
			);
			name = Lab8;
			productName = Lab8;
			productReference = 4E5B07872836DA7300827F20 /* Lab8 */;
			productType = "com.apple.product-type.tool";
		};
		4E7C8A13282C4F8800C88724 /* Collections */ = {
			isa = PBXNativeTarget;
			buildConfigurationList = 4E7C8A18282C4F8800C88724 /* Build configuration list for PBXNativeTarget "Collections" */;
			buildPhases = (
				4E7C8A10282C4F8800C88724 /* Sources */,
				4E7C8A11282C4F8800C88724 /* Frameworks */,
				4E7C8A12282C4F8800C88724 /* CopyFiles */,
			);
			buildRules = (
			);
			dependencies = (
			);
			name = Collections;
			productName = Collections;
			productReference = 4E7C8A14282C4F8800C88724 /* Collections */;
			productType = "com.apple.product-type.tool";
		};
		4E7FA74428358A1F00BE9F18 /* Category */ = {
			isa = PBXNativeTarget;
			buildConfigurationList = 4E7FA74928358A1F00BE9F18 /* Build configuration list for PBXNativeTarget "Category" */;
			buildPhases = (
				4E7FA74128358A1F00BE9F18 /* Sources */,
				4E7FA74228358A1F00BE9F18 /* Frameworks */,
				4E7FA74328358A1F00BE9F18 /* CopyFiles */,
			);
			buildRules = (
			);
			dependencies = (
			);
			name = Category;
			productName = Category;
			productReference = 4E7FA74528358A1F00BE9F18 /* Category */;
			productType = "com.apple.product-type.tool";
		};
		4E8C8BF92832E58C00C2E596 /* Enum_Bitmasks */ = {
			isa = PBXNativeTarget;
			buildConfigurationList = 4E8C8C002832E58D00C2E596 /* Build configuration list for PBXNativeTarget "Enum_Bitmasks" */;
			buildPhases = (
				4E8C8BF62832E58C00C2E596 /* Sources */,
				4E8C8BF72832E58C00C2E596 /* Frameworks */,
				4E8C8BF82832E58C00C2E596 /* CopyFiles */,
			);
			buildRules = (
			);
			dependencies = (
			);
			name = Enum_Bitmasks;
			productName = Enum_Bitmasks;
			productReference = 4E8C8BFA2832E58C00C2E596 /* Enum_Bitmasks */;
			productType = "com.apple.product-type.tool";
		};
		4E94D97E282DA04C005190CE /* Inheritance */ = {
			isa = PBXNativeTarget;
			buildConfigurationList = 4E94D985282DA04C005190CE /* Build configuration list for PBXNativeTarget "Inheritance" */;
			buildPhases = (
				4E94D97B282DA04C005190CE /* Sources */,
				4E94D97C282DA04C005190CE /* Frameworks */,
				4E94D97D282DA04C005190CE /* CopyFiles */,
			);
			buildRules = (
			);
			dependencies = (
			);
			name = Inheritance;
			productName = Inheritance;
			productReference = 4E94D97F282DA04C005190CE /* Inheritance */;
			productType = "com.apple.product-type.tool";
		};
/* End PBXNativeTarget section */

/* Begin PBXProject section */
		4E0704592829AD9B000DFA08 /* Project object */ = {
			isa = PBXProject;
			attributes = {
				BuildIndependentTargetsInParallel = 1;
				LastSwiftUpdateCheck = 1340;
				LastUpgradeCheck = 1330;
				TargetAttributes = {
					4E0704602829AD9B000DFA08 = {
						CreatedOnToolsVersion = 13.3.1;
					};
					4E07046E2829B8DD000DFA08 = {
						CreatedOnToolsVersion = 13.3.1;
					};
					4E07047C2829B983000DFA08 = {
						CreatedOnToolsVersion = 13.3.1;
						LastSwiftMigration = 1330;
					};
					4E5B07862836DA7300827F20 = {
						CreatedOnToolsVersion = 13.4;
					};
					4E7C8A13282C4F8800C88724 = {
						CreatedOnToolsVersion = 13.3.1;
					};
					4E7FA74428358A1F00BE9F18 = {
						CreatedOnToolsVersion = 13.4;
					};
					4E8C8BF92832E58C00C2E596 = {
						CreatedOnToolsVersion = 13.3.1;
					};
					4E94D97E282DA04C005190CE = {
						CreatedOnToolsVersion = 13.3.1;
					};
				};
			};
			buildConfigurationList = 4E07045C2829AD9B000DFA08 /* Build configuration list for PBXProject "ObjectiveC" */;
			compatibilityVersion = "Xcode 13.0";
			developmentRegion = en;
			hasScannedForEncodings = 0;
			knownRegions = (
				en,
				Base,
			);
			mainGroup = 4E0704582829AD9B000DFA08;
			productRefGroup = 4E0704622829AD9B000DFA08 /* Products */;
			projectDirPath = "";
			projectRoot = "";
			targets = (
				4E0704602829AD9B000DFA08 /* ObjectiveC */,
				4E07046E2829B8DD000DFA08 /* Lab1 */,
				4E07047C2829B983000DFA08 /* Lab2 */,
				4E7C8A13282C4F8800C88724 /* Collections */,
				4E94D97E282DA04C005190CE /* Inheritance */,
				4E8C8BF92832E58C00C2E596 /* Enum_Bitmasks */,
				4E7FA74428358A1F00BE9F18 /* Category */,
				4E5B07862836DA7300827F20 /* Lab8 */,
			);
		};
/* End PBXProject section */

/* Begin PBXSourcesBuildPhase section */
		4E07045D2829AD9B000DFA08 /* Sources */ = {
			isa = PBXSourcesBuildPhase;
			buildActionMask = 2147483647;
			files = (
				4E0704652829AD9B000DFA08 /* main.m in Sources */,
			);
			runOnlyForDeploymentPostprocessing = 0;
		};
		4E07046B2829B8DD000DFA08 /* Sources */ = {
			isa = PBXSourcesBuildPhase;
			buildActionMask = 2147483647;
			files = (
				4E0704722829B8DD000DFA08 /* main.m in Sources */,
			);
			runOnlyForDeploymentPostprocessing = 0;
		};
		4E0704792829B983000DFA08 /* Sources */ = {
			isa = PBXSourcesBuildPhase;
			buildActionMask = 2147483647;
			files = (
				4EFD4CE9282B003C00A1D591 /* Person.swift in Sources */,
				4EFD4CE7282AFF7F00A1D591 /* Person.m in Sources */,
				4E0704802829B983000DFA08 /* main.m in Sources */,
			);
			runOnlyForDeploymentPostprocessing = 0;
		};
		4E5B07832836DA7300827F20 /* Sources */ = {
			isa = PBXSourcesBuildPhase;
			buildActionMask = 2147483647;
			files = (
				4E5B078A2836DA7300827F20 /* main.m in Sources */,
				4E5B07902836DB3B00827F20 /* FoodTruck.m in Sources */,
				4E5B07962836DDE100827F20 /* Server.m in Sources */,
				4E5B07932836DCBE00827F20 /* Cook.m in Sources */,
			);
			runOnlyForDeploymentPostprocessing = 0;
		};
		4E7C8A10282C4F8800C88724 /* Sources */ = {
			isa = PBXSourcesBuildPhase;
			buildActionMask = 2147483647;
			files = (
				4E7C8A17282C4F8800C88724 /* main.m in Sources */,
			);
			runOnlyForDeploymentPostprocessing = 0;
		};
		4E7FA74128358A1F00BE9F18 /* Sources */ = {
			isa = PBXSourcesBuildPhase;
			buildActionMask = 2147483647;
			files = (
				4E7FA74C28358A2300BE9F18 /* NSString+Utilities.m in Sources */,
				4E7FA74828358A1F00BE9F18 /* main.m in Sources */,
			);
			runOnlyForDeploymentPostprocessing = 0;
		};
		4E8C8BF62832E58C00C2E596 /* Sources */ = {
			isa = PBXSourcesBuildPhase;
			buildActionMask = 2147483647;
			files = (
				4E8C8BFD2832E58D00C2E596 /* main.m in Sources */,
				4E8C8C032832E7DC00C2E596 /* Bitmasks.m in Sources */,
			);
			runOnlyForDeploymentPostprocessing = 0;
		};
		4E94D97B282DA04C005190CE /* Sources */ = {
			isa = PBXSourcesBuildPhase;
			buildActionMask = 2147483647;
			files = (
				4E94D98B282DA0FB005190CE /* Employee.m in Sources */,
				4E94D988282DA070005190CE /* Person.m in Sources */,
				4E94D982282DA04C005190CE /* main.m in Sources */,
			);
			runOnlyForDeploymentPostprocessing = 0;
		};
/* End PBXSourcesBuildPhase section */

/* Begin XCBuildConfiguration section */
		4E0704662829AD9B000DFA08 /* Debug */ = {
			isa = XCBuildConfiguration;
			buildSettings = {
				ALWAYS_SEARCH_USER_PATHS = NO;
				CLANG_ANALYZER_NONNULL = YES;
				CLANG_ANALYZER_NUMBER_OBJECT_CONVERSION = YES_AGGRESSIVE;
				CLANG_CXX_LANGUAGE_STANDARD = "gnu++17";
				CLANG_ENABLE_MODULES = YES;
				CLANG_ENABLE_OBJC_ARC = YES;
				CLANG_ENABLE_OBJC_WEAK = YES;
				CLANG_WARN_BLOCK_CAPTURE_AUTORELEASING = YES;
				CLANG_WARN_BOOL_CONVERSION = YES;
				CLANG_WARN_COMMA = YES;
				CLANG_WARN_CONSTANT_CONVERSION = YES;
				CLANG_WARN_DEPRECATED_OBJC_IMPLEMENTATIONS = YES;
				CLANG_WARN_DIRECT_OBJC_ISA_USAGE = YES_ERROR;
				CLANG_WARN_DOCUMENTATION_COMMENTS = YES;
				CLANG_WARN_EMPTY_BODY = YES;
				CLANG_WARN_ENUM_CONVERSION = YES;
				CLANG_WARN_INFINITE_RECURSION = YES;
				CLANG_WARN_INT_CONVERSION = YES;
				CLANG_WARN_NON_LITERAL_NULL_CONVERSION = YES;
				CLANG_WARN_OBJC_IMPLICIT_RETAIN_SELF = YES;
				CLANG_WARN_OBJC_LITERAL_CONVERSION = YES;
				CLANG_WARN_OBJC_ROOT_CLASS = YES_ERROR;
				CLANG_WARN_QUOTED_INCLUDE_IN_FRAMEWORK_HEADER = YES;
				CLANG_WARN_RANGE_LOOP_ANALYSIS = YES;
				CLANG_WARN_STRICT_PROTOTYPES = YES;
				CLANG_WARN_SUSPICIOUS_MOVE = YES;
				CLANG_WARN_UNGUARDED_AVAILABILITY = YES_AGGRESSIVE;
				CLANG_WARN_UNREACHABLE_CODE = YES;
				CLANG_WARN__DUPLICATE_METHOD_MATCH = YES;
				COPY_PHASE_STRIP = NO;
				DEBUG_INFORMATION_FORMAT = dwarf;
				ENABLE_STRICT_OBJC_MSGSEND = YES;
				ENABLE_TESTABILITY = YES;
				GCC_C_LANGUAGE_STANDARD = gnu11;
				GCC_DYNAMIC_NO_PIC = NO;
				GCC_NO_COMMON_BLOCKS = YES;
				GCC_OPTIMIZATION_LEVEL = 0;
				GCC_PREPROCESSOR_DEFINITIONS = (
					"DEBUG=1",
					"$(inherited)",
				);
				GCC_WARN_64_TO_32_BIT_CONVERSION = YES;
				GCC_WARN_ABOUT_RETURN_TYPE = YES_ERROR;
				GCC_WARN_UNDECLARED_SELECTOR = YES;
				GCC_WARN_UNINITIALIZED_AUTOS = YES_AGGRESSIVE;
				GCC_WARN_UNUSED_FUNCTION = YES;
				GCC_WARN_UNUSED_VARIABLE = YES;
				MACOSX_DEPLOYMENT_TARGET = 12.3;
				MTL_ENABLE_DEBUG_INFO = INCLUDE_SOURCE;
				MTL_FAST_MATH = YES;
				ONLY_ACTIVE_ARCH = YES;
				SDKROOT = macosx;
			};
			name = Debug;
		};
		4E0704672829AD9B000DFA08 /* Release */ = {
			isa = XCBuildConfiguration;
			buildSettings = {
				ALWAYS_SEARCH_USER_PATHS = NO;
				CLANG_ANALYZER_NONNULL = YES;
				CLANG_ANALYZER_NUMBER_OBJECT_CONVERSION = YES_AGGRESSIVE;
				CLANG_CXX_LANGUAGE_STANDARD = "gnu++17";
				CLANG_ENABLE_MODULES = YES;
				CLANG_ENABLE_OBJC_ARC = YES;
				CLANG_ENABLE_OBJC_WEAK = YES;
				CLANG_WARN_BLOCK_CAPTURE_AUTORELEASING = YES;
				CLANG_WARN_BOOL_CONVERSION = YES;
				CLANG_WARN_COMMA = YES;
				CLANG_WARN_CONSTANT_CONVERSION = YES;
				CLANG_WARN_DEPRECATED_OBJC_IMPLEMENTATIONS = YES;
				CLANG_WARN_DIRECT_OBJC_ISA_USAGE = YES_ERROR;
				CLANG_WARN_DOCUMENTATION_COMMENTS = YES;
				CLANG_WARN_EMPTY_BODY = YES;
				CLANG_WARN_ENUM_CONVERSION = YES;
				CLANG_WARN_INFINITE_RECURSION = YES;
				CLANG_WARN_INT_CONVERSION = YES;
				CLANG_WARN_NON_LITERAL_NULL_CONVERSION = YES;
				CLANG_WARN_OBJC_IMPLICIT_RETAIN_SELF = YES;
				CLANG_WARN_OBJC_LITERAL_CONVERSION = YES;
				CLANG_WARN_OBJC_ROOT_CLASS = YES_ERROR;
				CLANG_WARN_QUOTED_INCLUDE_IN_FRAMEWORK_HEADER = YES;
				CLANG_WARN_RANGE_LOOP_ANALYSIS = YES;
				CLANG_WARN_STRICT_PROTOTYPES = YES;
				CLANG_WARN_SUSPICIOUS_MOVE = YES;
				CLANG_WARN_UNGUARDED_AVAILABILITY = YES_AGGRESSIVE;
				CLANG_WARN_UNREACHABLE_CODE = YES;
				CLANG_WARN__DUPLICATE_METHOD_MATCH = YES;
				COPY_PHASE_STRIP = NO;
				DEBUG_INFORMATION_FORMAT = "dwarf-with-dsym";
				ENABLE_NS_ASSERTIONS = NO;
				ENABLE_STRICT_OBJC_MSGSEND = YES;
				GCC_C_LANGUAGE_STANDARD = gnu11;
				GCC_NO_COMMON_BLOCKS = YES;
				GCC_WARN_64_TO_32_BIT_CONVERSION = YES;
				GCC_WARN_ABOUT_RETURN_TYPE = YES_ERROR;
				GCC_WARN_UNDECLARED_SELECTOR = YES;
				GCC_WARN_UNINITIALIZED_AUTOS = YES_AGGRESSIVE;
				GCC_WARN_UNUSED_FUNCTION = YES;
				GCC_WARN_UNUSED_VARIABLE = YES;
				MACOSX_DEPLOYMENT_TARGET = 12.3;
				MTL_ENABLE_DEBUG_INFO = NO;
				MTL_FAST_MATH = YES;
				SDKROOT = macosx;
			};
			name = Release;
		};
		4E0704692829AD9B000DFA08 /* Debug */ = {
			isa = XCBuildConfiguration;
			buildSettings = {
				CODE_SIGN_STYLE = Automatic;
				PRODUCT_NAME = "$(TARGET_NAME)";
			};
			name = Debug;
		};
		4E07046A2829AD9B000DFA08 /* Release */ = {
			isa = XCBuildConfiguration;
			buildSettings = {
				CODE_SIGN_STYLE = Automatic;
				PRODUCT_NAME = "$(TARGET_NAME)";
			};
			name = Release;
		};
		4E0704742829B8DD000DFA08 /* Debug */ = {
			isa = XCBuildConfiguration;
			buildSettings = {
				CODE_SIGN_STYLE = Automatic;
				PRODUCT_NAME = "$(TARGET_NAME)";
			};
			name = Debug;
		};
		4E0704752829B8DD000DFA08 /* Release */ = {
			isa = XCBuildConfiguration;
			buildSettings = {
				CODE_SIGN_STYLE = Automatic;
				PRODUCT_NAME = "$(TARGET_NAME)";
			};
			name = Release;
		};
		4E0704822829B983000DFA08 /* Debug */ = {
			isa = XCBuildConfiguration;
			buildSettings = {
				CLANG_ENABLE_MODULES = YES;
				CODE_SIGN_STYLE = Automatic;
				LD_RUNPATH_SEARCH_PATHS = (
					"$(inherited)",
					"@executable_path/../Frameworks",
					"@loader_path/../Frameworks",
				);
				PRODUCT_NAME = "$(TARGET_NAME)";
				SWIFT_OPTIMIZATION_LEVEL = "-Onone";
				SWIFT_VERSION = 5.0;
			};
			name = Debug;
		};
		4E0704832829B983000DFA08 /* Release */ = {
			isa = XCBuildConfiguration;
			buildSettings = {
				CLANG_ENABLE_MODULES = YES;
				CODE_SIGN_STYLE = Automatic;
				LD_RUNPATH_SEARCH_PATHS = (
					"$(inherited)",
					"@executable_path/../Frameworks",
					"@loader_path/../Frameworks",
				);
				PRODUCT_NAME = "$(TARGET_NAME)";
				SWIFT_VERSION = 5.0;
			};
			name = Release;
		};
		4E5B078B2836DA7300827F20 /* Debug */ = {
			isa = XCBuildConfiguration;
			buildSettings = {
				CODE_SIGN_STYLE = Automatic;
				PRODUCT_NAME = "$(TARGET_NAME)";
			};
			name = Debug;
		};
		4E5B078C2836DA7300827F20 /* Release */ = {
			isa = XCBuildConfiguration;
			buildSettings = {
				CODE_SIGN_STYLE = Automatic;
				PRODUCT_NAME = "$(TARGET_NAME)";
			};
			name = Release;
		};
		4E7C8A19282C4F8800C88724 /* Debug */ = {
			isa = XCBuildConfiguration;
			buildSettings = {
				CODE_SIGN_STYLE = Automatic;
				PRODUCT_NAME = "$(TARGET_NAME)";
			};
			name = Debug;
		};
		4E7C8A1A282C4F8800C88724 /* Release */ = {
			isa = XCBuildConfiguration;
			buildSettings = {
				CODE_SIGN_STYLE = Automatic;
				PRODUCT_NAME = "$(TARGET_NAME)";
			};
			name = Release;
		};
		4E7FA74A28358A1F00BE9F18 /* Debug */ = {
			isa = XCBuildConfiguration;
			buildSettings = {
				CODE_SIGN_STYLE = Automatic;
				PRODUCT_NAME = "$(TARGET_NAME)";
			};
			name = Debug;
		};
		4E7FA74B28358A1F00BE9F18 /* Release */ = {
			isa = XCBuildConfiguration;
			buildSettings = {
				CODE_SIGN_STYLE = Automatic;
				PRODUCT_NAME = "$(TARGET_NAME)";
			};
			name = Release;
		};
		4E8C8BFE2832E58D00C2E596 /* Debug */ = {
			isa = XCBuildConfiguration;
			buildSettings = {
				CODE_SIGN_STYLE = Automatic;
				PRODUCT_NAME = "$(TARGET_NAME)";
			};
			name = Debug;
		};
		4E8C8BFF2832E58D00C2E596 /* Release */ = {
			isa = XCBuildConfiguration;
			buildSettings = {
				CODE_SIGN_STYLE = Automatic;
				PRODUCT_NAME = "$(TARGET_NAME)";
			};
			name = Release;
		};
		4E94D983282DA04C005190CE /* Debug */ = {
			isa = XCBuildConfiguration;
			buildSettings = {
				CODE_SIGN_STYLE = Automatic;
				PRODUCT_NAME = "$(TARGET_NAME)";
			};
			name = Debug;
		};
		4E94D984282DA04C005190CE /* Release */ = {
			isa = XCBuildConfiguration;
			buildSettings = {
				CODE_SIGN_STYLE = Automatic;
				PRODUCT_NAME = "$(TARGET_NAME)";
			};
			name = Release;
		};
/* End XCBuildConfiguration section */

/* Begin XCConfigurationList section */
		4E07045C2829AD9B000DFA08 /* Build configuration list for PBXProject "ObjectiveC" */ = {
			isa = XCConfigurationList;
			buildConfigurations = (
				4E0704662829AD9B000DFA08 /* Debug */,
				4E0704672829AD9B000DFA08 /* Release */,
			);
			defaultConfigurationIsVisible = 0;
			defaultConfigurationName = Release;
		};
		4E0704682829AD9B000DFA08 /* Build configuration list for PBXNativeTarget "ObjectiveC" */ = {
			isa = XCConfigurationList;
			buildConfigurations = (
				4E0704692829AD9B000DFA08 /* Debug */,
				4E07046A2829AD9B000DFA08 /* Release */,
			);
			defaultConfigurationIsVisible = 0;
			defaultConfigurationName = Release;
		};
		4E0704732829B8DD000DFA08 /* Build configuration list for PBXNativeTarget "Lab1" */ = {
			isa = XCConfigurationList;
			buildConfigurations = (
				4E0704742829B8DD000DFA08 /* Debug */,
				4E0704752829B8DD000DFA08 /* Release */,
			);
			defaultConfigurationIsVisible = 0;
			defaultConfigurationName = Release;
		};
		4E0704812829B983000DFA08 /* Build configuration list for PBXNativeTarget "Lab2" */ = {
			isa = XCConfigurationList;
			buildConfigurations = (
				4E0704822829B983000DFA08 /* Debug */,
				4E0704832829B983000DFA08 /* Release */,
			);
			defaultConfigurationIsVisible = 0;
			defaultConfigurationName = Release;
		};
		4E5B078D2836DA7300827F20 /* Build configuration list for PBXNativeTarget "Lab8" */ = {
			isa = XCConfigurationList;
			buildConfigurations = (
				4E5B078B2836DA7300827F20 /* Debug */,
				4E5B078C2836DA7300827F20 /* Release */,
			);
			defaultConfigurationIsVisible = 0;
			defaultConfigurationName = Release;
		};
		4E7C8A18282C4F8800C88724 /* Build configuration list for PBXNativeTarget "Collections" */ = {
			isa = XCConfigurationList;
			buildConfigurations = (
				4E7C8A19282C4F8800C88724 /* Debug */,
				4E7C8A1A282C4F8800C88724 /* Release */,
			);
			defaultConfigurationIsVisible = 0;
			defaultConfigurationName = Release;
		};
		4E7FA74928358A1F00BE9F18 /* Build configuration list for PBXNativeTarget "Category" */ = {
			isa = XCConfigurationList;
			buildConfigurations = (
				4E7FA74A28358A1F00BE9F18 /* Debug */,
				4E7FA74B28358A1F00BE9F18 /* Release */,
			);
			defaultConfigurationIsVisible = 0;
			defaultConfigurationName = Release;
		};
		4E8C8C002832E58D00C2E596 /* Build configuration list for PBXNativeTarget "Enum_Bitmasks" */ = {
			isa = XCConfigurationList;
			buildConfigurations = (
				4E8C8BFE2832E58D00C2E596 /* Debug */,
				4E8C8BFF2832E58D00C2E596 /* Release */,
			);
			defaultConfigurationIsVisible = 0;
			defaultConfigurationName = Release;
		};
		4E94D985282DA04C005190CE /* Build configuration list for PBXNativeTarget "Inheritance" */ = {
			isa = XCConfigurationList;
			buildConfigurations = (
				4E94D983282DA04C005190CE /* Debug */,
				4E94D984282DA04C005190CE /* Release */,
			);
			defaultConfigurationIsVisible = 0;
			defaultConfigurationName = Release;
		};
/* End XCConfigurationList section */
	};
	rootObject = 4E0704592829AD9B000DFA08 /* Project object */;
}
