// !$*UTF8*$!
{
	archiveVersion = 1;
	classes = {
	};
	objectVersion = 55;
	objects = {

/* Begin PBXBuildFile section */
		4E0704652829AD9B000DFA08 /* main.m in Sources */ = {isa = PBXBuildFile; fileRef = 4E0704642829AD9B000DFA08 /* main.m */; };
		4E0704722829B8DD000DFA08 /* main.m in Sources */ = {isa = PBXBuildFile; fileRef = 4E0704712829B8DD000DFA08 /* main.m */; };
		4E0704802829B983000DFA08 /* main.m in Sources */ = {isa = PBXBuildFile; fileRef = 4E07047F2829B983000DFA08 /* main.m */; };
		4EFD4CE7282AFF7F00A1D591 /* Person.m in Sources */ = {isa = PBXBuildFile; fileRef = 4EFD4CE6282AFF7F00A1D591 /* Person.m */; };
		4EFD4CE9282B003C00A1D591 /* Person.swift in Sources */ = {isa = PBXBuildFile; fileRef = 4EFD4CE8282B003C00A1D591 /* Person.swift */; };
/* End PBXBuildFile section */

/* Begin PBXCopyFilesBuildPhase section */
		4E07045F2829AD9B000DFA08 /* CopyFiles */ = {
			isa = PBXCopyFilesBuildPhase;
			buildActionMask = 2147483647;
			dstPath = /usr/share/man/man1/;
			dstSubfolderSpec = 0;
			files = (
			);
			runOnlyForDeploymentPostprocessing = 1;
		};
		4E07046D2829B8DD000DFA08 /* CopyFiles */ = {
			isa = PBXCopyFilesBuildPhase;
			buildActionMask = 2147483647;
			dstPath = /usr/share/man/man1/;
			dstSubfolderSpec = 0;
			files = (
			);
			runOnlyForDeploymentPostprocessing = 1;
		};
		4E07047B2829B983000DFA08 /* CopyFiles */ = {
			isa = PBXCopyFilesBuildPhase;
			buildActionMask = 2147483647;
			dstPath = /usr/share/man/man1/;
			dstSubfolderSpec = 0;
			files = (
			);
			runOnlyForDeploymentPostprocessing = 1;
		};
/* End PBXCopyFilesBuildPhase section */

/* Begin PBXFileReference section */
		4E0704612829AD9B000DFA08 /* ObjectiveC */ = {isa = PBXFileReference; explicitFileType = "compiled.mach-o.executable"; includeInIndex = 0; path = ObjectiveC; sourceTree = BUILT_PRODUCTS_DIR; };
		4E0704642829AD9B000DFA08 /* main.m */ = {isa = PBXFileReference; lastKnownFileType = sourcecode.c.objc; path = main.m; sourceTree = "<group>"; };
		4E07046F2829B8DD000DFA08 /* Lab1 */ = {isa = PBXFileReference; explicitFileType = "compiled.mach-o.executable"; includeInIndex = 0; path = Lab1; sourceTree = BUILT_PRODUCTS_DIR; };
		4E0704712829B8DD000DFA08 /* main.m */ = {isa = PBXFileReference; lastKnownFileType = sourcecode.c.objc; path = main.m; sourceTree = "<group>"; };
		4E07047D2829B983000DFA08 /* Lab2 */ = {isa = PBXFileReference; explicitFileType = "compiled.mach-o.executable"; includeInIndex = 0; path = Lab2; sourceTree = BUILT_PRODUCTS_DIR; };
		4E07047F2829B983000DFA08 /* main.m */ = {isa = PBXFileReference; lastKnownFileType = sourcecode.c.objc; path = main.m; sourceTree = "<group>"; };
		4EFD4CE5282AFF7F00A1D591 /* Person.h */ = {isa = PBXFileReference; lastKnownFileType = sourcecode.c.h; path = Person.h; sourceTree = "<group>"; };
		4EFD4CE6282AFF7F00A1D591 /* Person.m */ = {isa = PBXFileReference; lastKnownFileType = sourcecode.c.objc; path = Person.m; sourceTree = "<group>"; };
		4EFD4CE8282B003C00A1D591 /* Person.swift */ = {isa = PBXFileReference; lastKnownFileType = sourcecode.swift; path = Person.swift; sourceTree = "<group>"; };
/* End PBXFileReference section */

/* Begin PBXFrameworksBuildPhase section */
		4E07045E2829AD9B000DFA08 /* Frameworks */ = {
			isa = PBXFrameworksBuildPhase;
			buildActionMask = 2147483647;
			files = (
			);
			runOnlyForDeploymentPostprocessing = 0;
		};
		4E07046C2829B8DD000DFA08 /* Frameworks */ = {
			isa = PBXFrameworksBuildPhase;
			buildActionMask = 2147483647;
			files = (
			);
			runOnlyForDeploymentPostprocessing = 0;
		};
		4E07047A2829B983000DFA08 /* Frameworks */ = {
			isa = PBXFrameworksBuildPhase;
			buildActionMask = 2147483647;
			files = (
			);
			runOnlyForDeploymentPostprocessing = 0;
		};
/* End PBXFrameworksBuildPhase section */

/* Begin PBXGroup section */
		4E0704582829AD9B000DFA08 = {
			isa = PBXGroup;
			children = (
				4E0704632829AD9B000DFA08 /* ObjectiveC */,
				4E0704702829B8DD000DFA08 /* Lab1 */,
				4E07047E2829B983000DFA08 /* Lab2 */,
				4E0704622829AD9B000DFA08 /* Products */,
			);
			sourceTree = "<group>";
		};
		4E0704622829AD9B000DFA08 /* Products */ = {
			isa = PBXGroup;
			children = (
				4E0704612829AD9B000DFA08 /* ObjectiveC */,
				4E07046F2829B8DD000DFA08 /* Lab1 */,
				4E07047D2829B983000DFA08 /* Lab2 */,
			);
			name = Products;
			sourceTree = "<group>";
		};
		4E0704632829AD9B000DFA08 /* ObjectiveC */ = {
			isa = PBXGroup;
			children = (
				4E0704642829AD9B000DFA08 /* main.m */,
			);
			path = ObjectiveC;
			sourceTree = "<group>";
		};
		4E0704702829B8DD000DFA08 /* Lab1 */ = {
			isa = PBXGroup;
			children = (
				4E0704712829B8DD000DFA08 /* main.m */,
			);
			path = Lab1;
			sourceTree = "<group>";
		};
		4E07047E2829B983000DFA08 /* Lab2 */ = {
			isa = PBXGroup;
			children = (
				4E07047F2829B983000DFA08 /* main.m */,
				4EFD4CE5282AFF7F00A1D591 /* Person.h */,
				4EFD4CE6282AFF7F00A1D591 /* Person.m */,
				4EFD4CE8282B003C00A1D591 /* Person.swift */,
			);
			path = Lab2;
			sourceTree = "<group>";
		};
/* End PBXGroup section */

/* Begin PBXNativeTarget section */
		4E0704602829AD9B000DFA08 /* ObjectiveC */ = {
			isa = PBXNativeTarget;
			buildConfigurationList = 4E0704682829AD9B000DFA08 /* Build configuration list for PBXNativeTarget "ObjectiveC" */;
			buildPhases = (
				4E07045D2829AD9B000DFA08 /* Sources */,
				4E07045E2829AD9B000DFA08 /* Frameworks */,
				4E07045F2829AD9B000DFA08 /* CopyFiles */,
			);
			buildRules = (
			);
			dependencies = (
			);
			name = ObjectiveC;
			productName = ObjectiveC;
			productReference = 4E0704612829AD9B000DFA08 /* ObjectiveC */;
			productType = "com.apple.product-type.tool";
		};
		4E07046E2829B8DD000DFA08 /* Lab1 */ = {
			isa = PBXNativeTarget;
			buildConfigurationList = 4E0704732829B8DD000DFA08 /* Build configuration list for PBXNativeTarget "Lab1" */;
			buildPhases = (
				4E07046B2829B8DD000DFA08 /* Sources */,
				4E07046C2829B8DD000DFA08 /* Frameworks */,
				4E07046D2829B8DD000DFA08 /* CopyFiles */,
			);
			buildRules = (
			);
			dependencies = (
			);
			name = Lab1;
			productName = Lab1;
			productReference = 4E07046F2829B8DD000DFA08 /* Lab1 */;
			productType = "com.apple.product-type.tool";
		};
		4E07047C2829B983000DFA08 /* Lab2 */ = {
			isa = PBXNativeTarget;
			buildConfigurationList = 4E0704812829B983000DFA08 /* Build configuration list for PBXNativeTarget "Lab2" */;
			buildPhases = (
				4E0704792829B983000DFA08 /* Sources */,
				4E07047A2829B983000DFA08 /* Frameworks */,
				4E07047B2829B983000DFA08 /* CopyFiles */,
			);
			buildRules = (
			);
			dependencies = (
			);
			name = Lab2;
			productName = Lab2;
			productReference = 4E07047D2829B983000DFA08 /* Lab2 */;
			productType = "com.apple.product-type.tool";
		};
/* End PBXNativeTarget section */

/* Begin PBXProject section */
		4E0704592829AD9B000DFA08 /* Project object */ = {
			isa = PBXProject;
			attributes = {
				BuildIndependentTargetsInParallel = 1;
				LastUpgradeCheck = 1330;
				TargetAttributes = {
					4E0704602829AD9B000DFA08 = {
						CreatedOnToolsVersion = 13.3.1;
					};
					4E07046E2829B8DD000DFA08 = {
						CreatedOnToolsVersion = 13.3.1;
					};
					4E07047C2829B983000DFA08 = {
						CreatedOnToolsVersion = 13.3.1;
						LastSwiftMigration = 1330;
					};
				};
			};
			buildConfigurationList = 4E07045C2829AD9B000DFA08 /* Build configuration list for PBXProject "ObjectiveC" */;
			compatibilityVersion = "Xcode 13.0";
			developmentRegion = en;
			hasScannedForEncodings = 0;
			knownRegions = (
				en,
				Base,
			);
			mainGroup = 4E0704582829AD9B000DFA08;
			productRefGroup = 4E0704622829AD9B000DFA08 /* Products */;
			projectDirPath = "";
			projectRoot = "";
			targets = (
				4E0704602829AD9B000DFA08 /* ObjectiveC */,
				4E07046E2829B8DD000DFA08 /* Lab1 */,
				4E07047C2829B983000DFA08 /* Lab2 */,
			);
		};
/* End PBXProject section */

/* Begin PBXSourcesBuildPhase section */
		4E07045D2829AD9B000DFA08 /* Sources */ = {
			isa = PBXSourcesBuildPhase;
			buildActionMask = 2147483647;
			files = (
				4E0704652829AD9B000DFA08 /* main.m in Sources */,
			);
			runOnlyForDeploymentPostprocessing = 0;
		};
		4E07046B2829B8DD000DFA08 /* Sources */ = {
			isa = PBXSourcesBuildPhase;
			buildActionMask = 2147483647;
			files = (
				4E0704722829B8DD000DFA08 /* main.m in Sources */,
			);
			runOnlyForDeploymentPostprocessing = 0;
		};
		4E0704792829B983000DFA08 /* Sources */ = {
			isa = PBXSourcesBuildPhase;
			buildActionMask = 2147483647;
			files = (
				4EFD4CE9282B003C00A1D591 /* Person.swift in Sources */,
				4EFD4CE7282AFF7F00A1D591 /* Person.m in Sources */,
				4E0704802829B983000DFA08 /* main.m in Sources */,
			);
			runOnlyForDeploymentPostprocessing = 0;
		};
/* End PBXSourcesBuildPhase section */

/* Begin XCBuildConfiguration section */
		4E0704662829AD9B000DFA08 /* Debug */ = {
			isa = XCBuildConfiguration;
			buildSettings = {
				ALWAYS_SEARCH_USER_PATHS = NO;
				CLANG_ANALYZER_NONNULL = YES;
				CLANG_ANALYZER_NUMBER_OBJECT_CONVERSION = YES_AGGRESSIVE;
				CLANG_CXX_LANGUAGE_STANDARD = "gnu++17";
				CLANG_ENABLE_MODULES = YES;
				CLANG_ENABLE_OBJC_ARC = YES;
				CLANG_ENABLE_OBJC_WEAK = YES;
				CLANG_WARN_BLOCK_CAPTURE_AUTORELEASING = YES;
				CLANG_WARN_BOOL_CONVERSION = YES;
				CLANG_WARN_COMMA = YES;
				CLANG_WARN_CONSTANT_CONVERSION = YES;
				CLANG_WARN_DEPRECATED_OBJC_IMPLEMENTATIONS = YES;
				CLANG_WARN_DIRECT_OBJC_ISA_USAGE = YES_ERROR;
				CLANG_WARN_DOCUMENTATION_COMMENTS = YES;
				CLANG_WARN_EMPTY_BODY = YES;
				CLANG_WARN_ENUM_CONVERSION = YES;
				CLANG_WARN_INFINITE_RECURSION = YES;
				CLANG_WARN_INT_CONVERSION = YES;
				CLANG_WARN_NON_LITERAL_NULL_CONVERSION = YES;
				CLANG_WARN_OBJC_IMPLICIT_RETAIN_SELF = YES;
				CLANG_WARN_OBJC_LITERAL_CONVERSION = YES;
				CLANG_WARN_OBJC_ROOT_CLASS = YES_ERROR;
				CLANG_WARN_QUOTED_INCLUDE_IN_FRAMEWORK_HEADER = YES;
				CLANG_WARN_RANGE_LOOP_ANALYSIS = YES;
				CLANG_WARN_STRICT_PROTOTYPES = YES;
				CLANG_WARN_SUSPICIOUS_MOVE = YES;
				CLANG_WARN_UNGUARDED_AVAILABILITY = YES_AGGRESSIVE;
				CLANG_WARN_UNREACHABLE_CODE = YES;
				CLANG_WARN__DUPLICATE_METHOD_MATCH = YES;
				COPY_PHASE_STRIP = NO;
				DEBUG_INFORMATION_FORMAT = dwarf;
				ENABLE_STRICT_OBJC_MSGSEND = YES;
				ENABLE_TESTABILITY = YES;
				GCC_C_LANGUAGE_STANDARD = gnu11;
				GCC_DYNAMIC_NO_PIC = NO;
				GCC_NO_COMMON_BLOCKS = YES;
				GCC_OPTIMIZATION_LEVEL = 0;
				GCC_PREPROCESSOR_DEFINITIONS = (
					"DEBUG=1",
					"$(inherited)",
				);
				GCC_WARN_64_TO_32_BIT_CONVERSION = YES;
				GCC_WARN_ABOUT_RETURN_TYPE = YES_ERROR;
				GCC_WARN_UNDECLARED_SELECTOR = YES;
				GCC_WARN_UNINITIALIZED_AUTOS = YES_AGGRESSIVE;
				GCC_WARN_UNUSED_FUNCTION = YES;
				GCC_WARN_UNUSED_VARIABLE = YES;
				MACOSX_DEPLOYMENT_TARGET = 12.3;
				MTL_ENABLE_DEBUG_INFO = INCLUDE_SOURCE;
				MTL_FAST_MATH = YES;
				ONLY_ACTIVE_ARCH = YES;
				SDKROOT = macosx;
			};
			name = Debug;
		};
		4E0704672829AD9B000DFA08 /* Release */ = {
			isa = XCBuildConfiguration;
			buildSettings = {
				ALWAYS_SEARCH_USER_PATHS = NO;
				CLANG_ANALYZER_NONNULL = YES;
				CLANG_ANALYZER_NUMBER_OBJECT_CONVERSION = YES_AGGRESSIVE;
				CLANG_CXX_LANGUAGE_STANDARD = "gnu++17";
				CLANG_ENABLE_MODULES = YES;
				CLANG_ENABLE_OBJC_ARC = YES;
				CLANG_ENABLE_OBJC_WEAK = YES;
				CLANG_WARN_BLOCK_CAPTURE_AUTORELEASING = YES;
				CLANG_WARN_BOOL_CONVERSION = YES;
				CLANG_WARN_COMMA = YES;
				CLANG_WARN_CONSTANT_CONVERSION = YES;
				CLANG_WARN_DEPRECATED_OBJC_IMPLEMENTATIONS = YES;
				CLANG_WARN_DIRECT_OBJC_ISA_USAGE = YES_ERROR;
				CLANG_WARN_DOCUMENTATION_COMMENTS = YES;
				CLANG_WARN_EMPTY_BODY = YES;
				CLANG_WARN_ENUM_CONVERSION = YES;
				CLANG_WARN_INFINITE_RECURSION = YES;
				CLANG_WARN_INT_CONVERSION = YES;
				CLANG_WARN_NON_LITERAL_NULL_CONVERSION = YES;
				CLANG_WARN_OBJC_IMPLICIT_RETAIN_SELF = YES;
				CLANG_WARN_OBJC_LITERAL_CONVERSION = YES;
				CLANG_WARN_OBJC_ROOT_CLASS = YES_ERROR;
				CLANG_WARN_QUOTED_INCLUDE_IN_FRAMEWORK_HEADER = YES;
				CLANG_WARN_RANGE_LOOP_ANALYSIS = YES;
				CLANG_WARN_STRICT_PROTOTYPES = YES;
				CLANG_WARN_SUSPICIOUS_MOVE = YES;
				CLANG_WARN_UNGUARDED_AVAILABILITY = YES_AGGRESSIVE;
				CLANG_WARN_UNREACHABLE_CODE = YES;
				CLANG_WARN__DUPLICATE_METHOD_MATCH = YES;
				COPY_PHASE_STRIP = NO;
				DEBUG_INFORMATION_FORMAT = "dwarf-with-dsym";
				ENABLE_NS_ASSERTIONS = NO;
				ENABLE_STRICT_OBJC_MSGSEND = YES;
				GCC_C_LANGUAGE_STANDARD = gnu11;
				GCC_NO_COMMON_BLOCKS = YES;
				GCC_WARN_64_TO_32_BIT_CONVERSION = YES;
				GCC_WARN_ABOUT_RETURN_TYPE = YES_ERROR;
				GCC_WARN_UNDECLARED_SELECTOR = YES;
				GCC_WARN_UNINITIALIZED_AUTOS = YES_AGGRESSIVE;
				GCC_WARN_UNUSED_FUNCTION = YES;
				GCC_WARN_UNUSED_VARIABLE = YES;
				MACOSX_DEPLOYMENT_TARGET = 12.3;
				MTL_ENABLE_DEBUG_INFO = NO;
				MTL_FAST_MATH = YES;
				SDKROOT = macosx;
			};
			name = Release;
		};
		4E0704692829AD9B000DFA08 /* Debug */ = {
			isa = XCBuildConfiguration;
			buildSettings = {
				CODE_SIGN_STYLE = Automatic;
				PRODUCT_NAME = "$(TARGET_NAME)";
			};
			name = Debug;
		};
		4E07046A2829AD9B000DFA08 /* Release */ = {
			isa = XCBuildConfiguration;
			buildSettings = {
				CODE_SIGN_STYLE = Automatic;
				PRODUCT_NAME = "$(TARGET_NAME)";
			};
			name = Release;
		};
		4E0704742829B8DD000DFA08 /* Debug */ = {
			isa = XCBuildConfiguration;
			buildSettings = {
				CODE_SIGN_STYLE = Automatic;
				PRODUCT_NAME = "$(TARGET_NAME)";
			};
			name = Debug;
		};
		4E0704752829B8DD000DFA08 /* Release */ = {
			isa = XCBuildConfiguration;
			buildSettings = {
				CODE_SIGN_STYLE = Automatic;
				PRODUCT_NAME = "$(TARGET_NAME)";
			};
			name = Release;
		};
		4E0704822829B983000DFA08 /* Debug */ = {
			isa = XCBuildConfiguration;
			buildSettings = {
				CLANG_ENABLE_MODULES = YES;
				CODE_SIGN_STYLE = Automatic;
				LD_RUNPATH_SEARCH_PATHS = (
					"$(inherited)",
					"@executable_path/../Frameworks",
					"@loader_path/../Frameworks",
				);
				PRODUCT_NAME = "$(TARGET_NAME)";
				SWIFT_OPTIMIZATION_LEVEL = "-Onone";
				SWIFT_VERSION = 5.0;
			};
			name = Debug;
		};
		4E0704832829B983000DFA08 /* Release */ = {
			isa = XCBuildConfiguration;
			buildSettings = {
				CLANG_ENABLE_MODULES = YES;
				CODE_SIGN_STYLE = Automatic;
				LD_RUNPATH_SEARCH_PATHS = (
					"$(inherited)",
					"@executable_path/../Frameworks",
					"@loader_path/../Frameworks",
				);
				PRODUCT_NAME = "$(TARGET_NAME)";
				SWIFT_VERSION = 5.0;
			};
			name = Release;
		};
/* End XCBuildConfiguration section */

/* Begin XCConfigurationList section */
		4E07045C2829AD9B000DFA08 /* Build configuration list for PBXProject "ObjectiveC" */ = {
			isa = XCConfigurationList;
			buildConfigurations = (
				4E0704662829AD9B000DFA08 /* Debug */,
				4E0704672829AD9B000DFA08 /* Release */,
			);
			defaultConfigurationIsVisible = 0;
			defaultConfigurationName = Release;
		};
		4E0704682829AD9B000DFA08 /* Build configuration list for PBXNativeTarget "ObjectiveC" */ = {
			isa = XCConfigurationList;
			buildConfigurations = (
				4E0704692829AD9B000DFA08 /* Debug */,
				4E07046A2829AD9B000DFA08 /* Release */,
			);
			defaultConfigurationIsVisible = 0;
			defaultConfigurationName = Release;
		};
		4E0704732829B8DD000DFA08 /* Build configuration list for PBXNativeTarget "Lab1" */ = {
			isa = XCConfigurationList;
			buildConfigurations = (
				4E0704742829B8DD000DFA08 /* Debug */,
				4E0704752829B8DD000DFA08 /* Release */,
			);
			defaultConfigurationIsVisible = 0;
			defaultConfigurationName = Release;
		};
		4E0704812829B983000DFA08 /* Build configuration list for PBXNativeTarget "Lab2" */ = {
			isa = XCConfigurationList;
			buildConfigurations = (
				4E0704822829B983000DFA08 /* Debug */,
				4E0704832829B983000DFA08 /* Release */,
			);
			defaultConfigurationIsVisible = 0;
			defaultConfigurationName = Release;
		};
/* End XCConfigurationList section */
	};
	rootObject = 4E0704592829AD9B000DFA08 /* Project object */;
}
